// !$*UTF8*$!
{
	archiveVersion = 1;
	classes = {
	};
	objectVersion = 46;
	objects = {

/* Begin PBXBuildFile section */
		BAAF524E1E3853D000A2ECCE /* UnityPlugin.m in Sources */ = {isa = PBXBuildFile; fileRef = BAAF524D1E3853D000A2ECCE /* UnityPlugin.m */; };
		BAAF524F1E3853D000A2ECCE /* UnityPlugin.h in CopyFiles */ = {isa = PBXBuildFile; fileRef = BAAF524C1E3853D000A2ECCE /* UnityPlugin.h */; };
		BAD25E8F1E6EF60100F039B5 /* interface.cpp in Sources */ = {isa = PBXBuildFile; fileRef = BAD25E8B1E6EF60100F039B5 /* interface.cpp */; };
/* End PBXBuildFile section */

/* Begin PBXCopyFilesBuildPhase section */
		BAAF52471E3853D000A2ECCE /* CopyFiles */ = {
			isa = PBXCopyFilesBuildPhase;
			buildActionMask = 2147483647;
			dstPath = "include/$(PRODUCT_NAME)";
			dstSubfolderSpec = 16;
			files = (
				BAAF524F1E3853D000A2ECCE /* UnityPlugin.h in CopyFiles */,
			);
			runOnlyForDeploymentPostprocessing = 0;
		};
/* End PBXCopyFilesBuildPhase section */

/* Begin PBXFileReference section */
		BAAF52491E3853D000A2ECCE /* libUnityPlugin.a */ = {isa = PBXFileReference; explicitFileType = archive.ar; includeInIndex = 0; path = libUnityPlugin.a; sourceTree = BUILT_PRODUCTS_DIR; };
		BAAF524C1E3853D000A2ECCE /* UnityPlugin.h */ = {isa = PBXFileReference; lastKnownFileType = sourcecode.c.h; path = UnityPlugin.h; sourceTree = "<group>"; };
		BAAF524D1E3853D000A2ECCE /* UnityPlugin.m */ = {isa = PBXFileReference; lastKnownFileType = sourcecode.c.objc; path = UnityPlugin.m; sourceTree = "<group>"; };
		BAD25E8A1E6EF60100F039B5 /* Vector.hpp */ = {isa = PBXFileReference; fileEncoding = 4; lastKnownFileType = sourcecode.cpp.h; name = Vector.hpp; path = ../../../Assets/PluginWork/Sources/Vector.hpp; sourceTree = "<group>"; };
		BAD25E8B1E6EF60100F039B5 /* interface.cpp */ = {isa = PBXFileReference; fileEncoding = 4; lastKnownFileType = sourcecode.cpp.cpp; name = interface.cpp; path = ../../../Assets/PluginWork/Sources/interface.cpp; sourceTree = "<group>"; };
		BAD25E8C1E6EF60100F039B5 /* interface.hpp */ = {isa = PBXFileReference; fileEncoding = 4; lastKnownFileType = sourcecode.cpp.h; name = interface.hpp; path = ../../../Assets/PluginWork/Sources/interface.hpp; sourceTree = "<group>"; };
		BAD25E8D1E6EF60100F039B5 /* Matrix.hpp */ = {isa = PBXFileReference; fileEncoding = 4; lastKnownFileType = sourcecode.cpp.h; name = Matrix.hpp; path = ../../../Assets/PluginWork/Sources/Matrix.hpp; sourceTree = "<group>"; };
		BAD25E8E1E6EF60100F039B5 /* types.h */ = {isa = PBXFileReference; fileEncoding = 4; lastKnownFileType = sourcecode.c.h; name = types.h; path = ../../../Assets/PluginWork/Sources/types.h; sourceTree = "<group>"; };
/* End PBXFileReference section */

/* Begin PBXFrameworksBuildPhase section */
		BAAF52461E3853D000A2ECCE /* Frameworks */ = {
			isa = PBXFrameworksBuildPhase;
			buildActionMask = 2147483647;
			files = (
			);
			runOnlyForDeploymentPostprocessing = 0;
		};
/* End PBXFrameworksBuildPhase section */

/* Begin PBXGroup section */
		BAAF52401E3853D000A2ECCE = {
			isa = PBXGroup;
			children = (
				BAD25E8A1E6EF60100F039B5 /* Vector.hpp */,
				BAD25E8B1E6EF60100F039B5 /* interface.cpp */,
				BAD25E8C1E6EF60100F039B5 /* interface.hpp */,
				BAD25E8D1E6EF60100F039B5 /* Matrix.hpp */,
				BAD25E8E1E6EF60100F039B5 /* types.h */,
				BAAF524B1E3853D000A2ECCE /* UnityPlugin */,
				BAAF524A1E3853D000A2ECCE /* Products */,
			);
			sourceTree = "<group>";
		};
		BAAF524A1E3853D000A2ECCE /* Products */ = {
			isa = PBXGroup;
			children = (
				BAAF52491E3853D000A2ECCE /* libUnityPlugin.a */,
			);
			name = Products;
			sourceTree = "<group>";
		};
		BAAF524B1E3853D000A2ECCE /* UnityPlugin */ = {
			isa = PBXGroup;
			children = (
				BAAF524C1E3853D000A2ECCE /* UnityPlugin.h */,
				BAAF524D1E3853D000A2ECCE /* UnityPlugin.m */,
			);
			path = UnityPlugin;
			sourceTree = "<group>";
		};
/* End PBXGroup section */

/* Begin PBXNativeTarget section */
		BAAF52481E3853D000A2ECCE /* UnityPlugin */ = {
			isa = PBXNativeTarget;
			buildConfigurationList = BAAF52521E3853D000A2ECCE /* Build configuration list for PBXNativeTarget "UnityPlugin" */;
			buildPhases = (
				BAAF52451E3853D000A2ECCE /* Sources */,
				BAAF52461E3853D000A2ECCE /* Frameworks */,
				BAAF52471E3853D000A2ECCE /* CopyFiles */,
			);
			buildRules = (
			);
			dependencies = (
			);
			name = UnityPlugin;
			productName = UnityPlugin;
			productReference = BAAF52491E3853D000A2ECCE /* libUnityPlugin.a */;
			productType = "com.apple.product-type.library.static";
		};
/* End PBXNativeTarget section */

/* Begin PBXProject section */
		BAAF52411E3853D000A2ECCE /* Project object */ = {
			isa = PBXProject;
			attributes = {
				LastUpgradeCheck = 0820;
				ORGANIZATIONNAME = "安原祐二";
				TargetAttributes = {
					BAAF52481E3853D000A2ECCE = {
						CreatedOnToolsVersion = 8.2.1;
						DevelopmentTeam = R78QNQ6ACJ;
						ProvisioningStyle = Automatic;
					};
				};
			};
			buildConfigurationList = BAAF52441E3853D000A2ECCE /* Build configuration list for PBXProject "UnityPlugin" */;
			compatibilityVersion = "Xcode 3.2";
			developmentRegion = English;
			hasScannedForEncodings = 0;
			knownRegions = (
				en,
			);
			mainGroup = BAAF52401E3853D000A2ECCE;
			productRefGroup = BAAF524A1E3853D000A2ECCE /* Products */;
			projectDirPath = "";
			projectRoot = "";
			targets = (
				BAAF52481E3853D000A2ECCE /* UnityPlugin */,
			);
		};
/* End PBXProject section */

/* Begin PBXSourcesBuildPhase section */
		BAAF52451E3853D000A2ECCE /* Sources */ = {
			isa = PBXSourcesBuildPhase;
			buildActionMask = 2147483647;
			files = (
				BAAF524E1E3853D000A2ECCE /* UnityPlugin.m in Sources */,
				BAD25E8F1E6EF60100F039B5 /* interface.cpp in Sources */,
			);
			runOnlyForDeploymentPostprocessing = 0;
		};
/* End PBXSourcesBuildPhase section */

/* Begin XCBuildConfiguration section */
		BAAF52501E3853D000A2ECCE /* Debug */ = {
			isa = XCBuildConfiguration;
			buildSettings = {
				ALWAYS_SEARCH_USER_PATHS = NO;
				CLANG_ANALYZER_NONNULL = YES;
				CLANG_CXX_LANGUAGE_STANDARD = "gnu++0x";
				CLANG_CXX_LIBRARY = "libc++";
				CLANG_ENABLE_MODULES = YES;
				CLANG_ENABLE_OBJC_ARC = YES;
				CLANG_WARN_BOOL_CONVERSION = YES;
				CLANG_WARN_CONSTANT_CONVERSION = YES;
				CLANG_WARN_DIRECT_OBJC_ISA_USAGE = YES_ERROR;
				CLANG_WARN_DOCUMENTATION_COMMENTS = YES;
				CLANG_WARN_EMPTY_BODY = YES;
				CLANG_WARN_ENUM_CONVERSION = YES;
				CLANG_WARN_INFINITE_RECURSION = YES;
				CLANG_WARN_INT_CONVERSION = YES;
				CLANG_WARN_OBJC_ROOT_CLASS = YES_ERROR;
				CLANG_WARN_SUSPICIOUS_MOVE = YES;
				CLANG_WARN_UNREACHABLE_CODE = YES;
				CLANG_WARN__DUPLICATE_METHOD_MATCH = YES;
				"CODE_SIGN_IDENTITY[sdk=iphoneos*]" = "iPhone Developer";
				COPY_PHASE_STRIP = NO;
				DEBUG_INFORMATION_FORMAT = dwarf;
				ENABLE_STRICT_OBJC_MSGSEND = YES;
				ENABLE_TESTABILITY = YES;
				GCC_C_LANGUAGE_STANDARD = gnu99;
				GCC_DYNAMIC_NO_PIC = NO;
				GCC_NO_COMMON_BLOCKS = YES;
				GCC_OPTIMIZATION_LEVEL = 0;
				GCC_PREPROCESSOR_DEFINITIONS = (
					"DEBUG=1",
					"$(inherited)",
				);
				GCC_WARN_64_TO_32_BIT_CONVERSION = YES;
				GCC_WARN_ABOUT_RETURN_TYPE = YES_ERROR;
				GCC_WARN_UNDECLARED_SELECTOR = YES;
				GCC_WARN_UNINITIALIZED_AUTOS = YES_AGGRESSIVE;
				GCC_WARN_UNUSED_FUNCTION = YES;
				GCC_WARN_UNUSED_VARIABLE = YES;
				IPHONEOS_DEPLOYMENT_TARGET = 10.2;
				MTL_ENABLE_DEBUG_INFO = YES;
				ONLY_ACTIVE_ARCH = YES;
				SDKROOT = iphoneos;
			};
			name = Debug;
		};
		BAAF52511E3853D000A2ECCE /* Release */ = {
			isa = XCBuildConfiguration;
			buildSettings = {
				ALWAYS_SEARCH_USER_PATHS = NO;
				CLANG_ANALYZER_NONNULL = YES;
				CLANG_CXX_LANGUAGE_STANDARD = "gnu++0x";
				CLANG_CXX_LIBRARY = "libc++";
				CLANG_ENABLE_MODULES = YES;
				CLANG_ENABLE_OBJC_ARC = YES;
				CLANG_WARN_BOOL_CONVERSION = YES;
				CLANG_WARN_CONSTANT_CONVERSION = YES;
				CLANG_WARN_DIRECT_OBJC_ISA_USAGE = YES_ERROR;
				CLANG_WARN_DOCUMENTATION_COMMENTS = YES;
				CLANG_WARN_EMPTY_BODY = YES;
				CLANG_WARN_ENUM_CONVERSION = YES;
				CLANG_WARN_INFINITE_RECURSION = YES;
				CLANG_WARN_INT_CONVERSION = YES;
				CLANG_WARN_OBJC_ROOT_CLASS = YES_ERROR;
				CLANG_WARN_SUSPICIOUS_MOVE = YES;
				CLANG_WARN_UNREACHABLE_CODE = YES;
				CLANG_WARN__DUPLICATE_METHOD_MATCH = YES;
				"CODE_SIGN_IDENTITY[sdk=iphoneos*]" = "iPhone Developer";
				COPY_PHASE_STRIP = NO;
				DEBUG_INFORMATION_FORMAT = "dwarf-with-dsym";
				ENABLE_NS_ASSERTIONS = NO;
				ENABLE_STRICT_OBJC_MSGSEND = YES;
				GCC_C_LANGUAGE_STANDARD = gnu99;
				GCC_NO_COMMON_BLOCKS = YES;
				GCC_WARN_64_TO_32_BIT_CONVERSION = YES;
				GCC_WARN_ABOUT_RETURN_TYPE = YES_ERROR;
				GCC_WARN_UNDECLARED_SELECTOR = YES;
				GCC_WARN_UNINITIALIZED_AUTOS = YES_AGGRESSIVE;
				GCC_WARN_UNUSED_FUNCTION = YES;
				GCC_WARN_UNUSED_VARIABLE = YES;
				IPHONEOS_DEPLOYMENT_TARGET = 10.2;
				MTL_ENABLE_DEBUG_INFO = NO;
				SDKROOT = iphoneos;
				VALIDATE_PRODUCT = YES;
			};
			name = Release;
		};
		BAAF52531E3853D000A2ECCE /* Debug */ = {
			isa = XCBuildConfiguration;
			buildSettings = {
				DEVELOPMENT_TEAM = R78QNQ6ACJ;
				OTHER_LDFLAGS = "-ObjC";
				PRODUCT_NAME = "$(TARGET_NAME)";
				SKIP_INSTALL = YES;
			};
			name = Debug;
		};
		BAAF52541E3853D000A2ECCE /* Release */ = {
			isa = XCBuildConfiguration;
			buildSettings = {
				DEVELOPMENT_TEAM = R78QNQ6ACJ;
				OTHER_LDFLAGS = "-ObjC";
				PRODUCT_NAME = "$(TARGET_NAME)";
				SKIP_INSTALL = YES;
			};
			name = Release;
		};
/* End XCBuildConfiguration section */

/* Begin XCConfigurationList section */
		BAAF52441E3853D000A2ECCE /* Build configuration list for PBXProject "UnityPlugin" */ = {
			isa = XCConfigurationList;
			buildConfigurations = (
				BAAF52501E3853D000A2ECCE /* Debug */,
				BAAF52511E3853D000A2ECCE /* Release */,
			);
			defaultConfigurationIsVisible = 0;
			defaultConfigurationName = Release;
		};
		BAAF52521E3853D000A2ECCE /* Build configuration list for PBXNativeTarget "UnityPlugin" */ = {
			isa = XCConfigurationList;
			buildConfigurations = (
				BAAF52531E3853D000A2ECCE /* Debug */,
				BAAF52541E3853D000A2ECCE /* Release */,
			);
			defaultConfigurationIsVisible = 0;
			defaultConfigurationName = Release;
		};
/* End XCConfigurationList section */
	};
	rootObject = BAAF52411E3853D000A2ECCE /* Project object */;
}
